{
  "lockfile_version": "1",
  "packages": {
    "act@latest": {
      "last_modified": "2024-04-02T02:53:36Z",
      "resolved": "github:NixOS/nixpkgs/080a4a27f206d07724b88da096e27ef63401a504#act",
      "source": "devbox-search",
      "version": "0.2.61",
      "systems": {
        "aarch64-darwin": {
          "outputs": [
            {
              "name": "out",
              "path": "/nix/store/sj5301mhwawcnzgzn4vh716f72g519rf-act-0.2.61",
              "default": true
            }
          ],
          "store_path": "/nix/store/sj5301mhwawcnzgzn4vh716f72g519rf-act-0.2.61"
        },
        "aarch64-linux": {
          "outputs": [
            {
              "name": "out",
              "path": "/nix/store/jy8zh5d8k3scp34bmf4q6a8wb93bryi8-act-0.2.61",
              "default": true
            }
          ],
          "store_path": "/nix/store/jy8zh5d8k3scp34bmf4q6a8wb93bryi8-act-0.2.61"
        },
        "x86_64-darwin": {
          "outputs": [
            {
              "name": "out",
              "path": "/nix/store/c41qx5qjajpwha2r0b7bmkhxyrhx279s-act-0.2.61",
              "default": true
            }
          ],
          "store_path": "/nix/store/c41qx5qjajpwha2r0b7bmkhxyrhx279s-act-0.2.61"
        },
        "x86_64-linux": {
          "outputs": [
            {
              "name": "out",
              "path": "/nix/store/4i5j8is347dcfnmfq32dirv76b7fg1hp-act-0.2.61",
              "default": true
            }
          ],
          "store_path": "/nix/store/4i5j8is347dcfnmfq32dirv76b7fg1hp-act-0.2.61"
        }
      }
    },
    "go@latest": {
      "last_modified": "2024-03-22T11:26:23Z",
      "resolved": "github:NixOS/nixpkgs/a3ed7406349a9335cb4c2a71369b697cecd9d351#go",
      "source": "devbox-search",
      "version": "1.22.1",
      "systems": {
        "aarch64-darwin": {
          "outputs": [
            {
              "name": "out",
              "path": "/nix/store/n1k6wf8q10q7k0863gb78b1rf0j07r7r-go-1.22.1",
              "default": true
            }
          ],
          "store_path": "/nix/store/n1k6wf8q10q7k0863gb78b1rf0j07r7r-go-1.22.1"
        },
        "aarch64-linux": {
          "outputs": [
            {
              "name": "out",
              "path": "/nix/store/fl6cjlp5bvykfz1kxrw687zxzld25pn7-go-1.22.1",
              "default": true
            }
          ],
          "store_path": "/nix/store/fl6cjlp5bvykfz1kxrw687zxzld25pn7-go-1.22.1"
        },
        "x86_64-darwin": {
          "outputs": [
            {
              "name": "out",
              "path": "/nix/store/xgdp7gnf6vzr2ick2ip1lhq4cww65p7w-go-1.22.1",
              "default": true
            }
          ],
          "store_path": "/nix/store/xgdp7gnf6vzr2ick2ip1lhq4cww65p7w-go-1.22.1"
        },
        "x86_64-linux": {
          "outputs": [
            {
              "name": "out",
              "path": "/nix/store/bp39dh48cdqp89hk5mpdi1lxdf0mjl7x-go-1.22.1",
              "default": true
            }
          ],
          "store_path": "/nix/store/bp39dh48cdqp89hk5mpdi1lxdf0mjl7x-go-1.22.1"
        }
      }
    },
    "podman@latest": {
      "last_modified": "2024-03-28T11:17:37Z",
      "resolved": "github:NixOS/nixpkgs/72c6ed328aa4e5d9151b1a512f6ad83aca7529fa#podman",
      "source": "devbox-search",
      "version": "4.9.3",
      "systems": {
        "aarch64-darwin": {
          "outputs": [
            {
              "name": "out",
              "path": "/nix/store/aj61012qf1jrwsyia2l9xm4kjk2xg3ap-podman-4.9.3",
              "default": true
            },
            {
              "name": "man",
              "path": "/nix/store/d8qlh4xnzfx4iyh8jwxcjiyqrqnjiyfc-podman-4.9.3-man",
              "default": true
            }
          ],
          "store_path": "/nix/store/aj61012qf1jrwsyia2l9xm4kjk2xg3ap-podman-4.9.3"
        },
        "aarch64-linux": {
          "outputs": [
            {
              "name": "out",
              "path": "/nix/store/9mn520wbrdmw706a35wyy0mlb094ya0j-podman-4.9.3",
              "default": true
            },
            {
              "name": "man",
              "path": "/nix/store/v0z8czvv4bslsqmsmvcwxa9s2r9a9zbn-podman-4.9.3-man",
              "default": true
            }
          ],
          "store_path": "/nix/store/9mn520wbrdmw706a35wyy0mlb094ya0j-podman-4.9.3"
        },
        "x86_64-darwin": {
          "outputs": [
            {
              "name": "out",
              "path": "/nix/store/lzmz2hhw3say52ll57lmsv4wg9syp0jp-podman-4.9.3",
              "default": true
            },
            {
              "name": "man",
              "path": "/nix/store/1zblziwr82wyr35yy4x7q8a8xfb4hj9i-podman-4.9.3-man",
              "default": true
            }
          ],
          "store_path": "/nix/store/lzmz2hhw3say52ll57lmsv4wg9syp0jp-podman-4.9.3"
        },
        "x86_64-linux": {
          "outputs": [
            {
              "name": "out",
              "path": "/nix/store/z0b6261cdwx8nznrkvz7xyqhjknbn41j-podman-4.9.3",
              "default": true
            },
            {
              "name": "man",
              "path": "/nix/store/pa4ykgnvgahdp9sfrbbzd5r4zdb4cbzy-podman-4.9.3-man",
              "default": true
            }
          ],
          "store_path": "/nix/store/z0b6261cdwx8nznrkvz7xyqhjknbn41j-podman-4.9.3"
        }
      }
    },
    "python@latest": {
      "last_modified": "2024-03-22T11:26:23Z",
      "plugin_version": "0.0.3",
      "resolved": "github:NixOS/nixpkgs/a3ed7406349a9335cb4c2a71369b697cecd9d351#python312",
      "source": "devbox-search",
      "version": "3.12.2",
      "systems": {
        "aarch64-darwin": {
          "outputs": [
            {
              "name": "out",
              "path": "/nix/store/jc5jlynlx561ibqxd6sy12hcqc8p39c9-python3-3.12.2",
              "default": true
            }
          ],
          "store_path": "/nix/store/jc5jlynlx561ibqxd6sy12hcqc8p39c9-python3-3.12.2"
        },
        "aarch64-linux": {
          "outputs": [
            {
              "name": "out",
              "path": "/nix/store/n5yvl08kxz5llrdiwwxfxyy6wiq2g6lc-python3-3.12.2",
              "default": true
            },
            {
              "name": "debug",
              "path": "/nix/store/bihg62nz0vqqski18cpyppwgqz62blrq-python3-3.12.2-debug"
            }
          ],
          "store_path": "/nix/store/n5yvl08kxz5llrdiwwxfxyy6wiq2g6lc-python3-3.12.2"
        },
        "x86_64-darwin": {
          "outputs": [
            {
              "name": "out",
              "path": "/nix/store/41yqb3sxsx22drhza74icn4x1gfh3h8m-python3-3.12.2",
              "default": true
            }
          ],
          "store_path": "/nix/store/41yqb3sxsx22drhza74icn4x1gfh3h8m-python3-3.12.2"
        },
        "x86_64-linux": {
          "outputs": [
            {
              "name": "out",
              "path": "/nix/store/7yh2ax34jd7fgf17mjfd3c6niw1h2hsj-python3-3.12.2",
              "default": true
            },
            {
              "name": "debug",
              "path": "/nix/store/mq8jh0sl1lcpk592whzw96n52grhq8wl-python3-3.12.2-debug"
            }
          ],
          "store_path": "/nix/store/7yh2ax34jd7fgf17mjfd3c6niw1h2hsj-python3-3.12.2"
        }
      }
    }
  }
}
